
Microsoft Visual Studio Solution File, Format Version 12.00
# Visual Studio Version 16
VisualStudioVersion = 16.0.29123.88
MinimumVisualStudioVersion = 10.0.40219.1
Project("{FAE04EC0-301F-11D3-BF4B-00C04F79EFBC}") = "Tema3_Ejercicio4", "Tema3_Ejercicio4\Tema3_Ejercicio4.csproj", "{BAB4FFEB-2585-421D-954B-11322FDD90B7}"
EndProject
Global
	GlobalSection(SolutionConfigurationPlatforms) = preSolution
		Debug|Any CPU = Debug|Any CPU
		Release|Any CPU = Release|Any CPU
	EndGlobalSection
	GlobalSection(ProjectConfigurationPlatforms) = postSolution
		{BAB4FFEB-2585-421D-954B-11322FDD90B7}.Debug|Any CPU.ActiveCfg = Debug|Any CPU
		{BAB4FFEB-2585-421D-954B-11322FDD90B7}.Debug|Any CPU.Build.0 = Debug|Any CPU
		{BAB4FFEB-2585-421D-954B-11322FDD90B7}.Release|Any CPU.ActiveCfg = Release|Any CPU
		{BAB4FFEB-2585-421D-954B-11322FDD90B7}.Release|Any CPU.Build.0 = Release|Any CPU
	EndGlobalSection
	GlobalSection(SolutionProperties) = preSolution
		HideSolutionNode = FALSE
	EndGlobalSection
	GlobalSection(ExtensibilityGlobals) = postSolution
		SolutionGuid = {59E84131-A720-40FE-A794-60AFCE017CC6}
	EndGlobalSection
EndGlobal
