
Microsoft Visual Studio Solution File, Format Version 12.00
# Visual Studio Version 16
VisualStudioVersion = 16.0.29123.88
MinimumVisualStudioVersion = 10.0.40219.1
Project("{FAE04EC0-301F-11D3-BF4B-00C04F79EFBC}") = "Ejercicio2", "Ejercicio2\Ejercicio2.csproj", "{252C3950-C807-4CBF-9B84-C1734AB2CEB3}"
EndProject
Global
	GlobalSection(SolutionConfigurationPlatforms) = preSolution
		Debug|Any CPU = Debug|Any CPU
		Release|Any CPU = Release|Any CPU
	EndGlobalSection
	GlobalSection(ProjectConfigurationPlatforms) = postSolution
		{252C3950-C807-4CBF-9B84-C1734AB2CEB3}.Debug|Any CPU.ActiveCfg = Debug|Any CPU
		{252C3950-C807-4CBF-9B84-C1734AB2CEB3}.Debug|Any CPU.Build.0 = Debug|Any CPU
		{252C3950-C807-4CBF-9B84-C1734AB2CEB3}.Release|Any CPU.ActiveCfg = Release|Any CPU
		{252C3950-C807-4CBF-9B84-C1734AB2CEB3}.Release|Any CPU.Build.0 = Release|Any CPU
	EndGlobalSection
	GlobalSection(SolutionProperties) = preSolution
		HideSolutionNode = FALSE
	EndGlobalSection
	GlobalSection(ExtensibilityGlobals) = postSolution
		SolutionGuid = {B66EB9C2-7A4C-4321-9562-6098D54734DB}
	EndGlobalSection
EndGlobal
