
Microsoft Visual Studio Solution File, Format Version 12.00
# Visual Studio Version 16
VisualStudioVersion = 16.0.29123.88
MinimumVisualStudioVersion = 10.0.40219.1
Project("{FAE04EC0-301F-11D3-BF4B-00C04F79EFBC}") = "DI_T6_NuevosComponentes", "DI_T6_NuevosComponentes\DI_T6_NuevosComponentes.csproj", "{9E2DD5B4-89E6-4C4F-A5FA-CA67C119C61D}"
EndProject
Project("{FAE04EC0-301F-11D3-BF4B-00C04F79EFBC}") = "Principal", "Principal\Principal.csproj", "{5603BE30-E352-4261-8662-E641C44ADBED}"
EndProject
Project("{FAE04EC0-301F-11D3-BF4B-00C04F79EFBC}") = "DI_T6_E3", "DI_T6_E3\DI_T6_E3.csproj", "{A43AA9A8-9F1F-4964-BABE-BE1F81B18BAB}"
EndProject
Project("{FAE04EC0-301F-11D3-BF4B-00C04F79EFBC}") = "DI_T6_E2", "DI_T6_E2\DI_T6_E2.csproj", "{0FEA167C-AE79-4A90-8A3F-DD9BA734C680}"
EndProject
Project("{FAE04EC0-301F-11D3-BF4B-00C04F79EFBC}") = "SERV_T3_E1_Client", "SERV_T3_E1_Client\SERV_T3_E1_Client.csproj", "{3D2024BE-51EA-4F90-928C-4B72D6836603}"
EndProject
Project("{FAE04EC0-301F-11D3-BF4B-00C04F79EFBC}") = "SERV_T3_E1_Serve", "SERV_T3_E1_Serve\SERV_T3_E1_Serve.csproj", "{F3DE5CAC-F32E-4C7D-ABE0-8587B616D2F6}"
EndProject
Project("{FAE04EC0-301F-11D3-BF4B-00C04F79EFBC}") = "SERV_T3_E2_Serve", "SERV_T3_E2_SERVER\SERV_T3_E2_Serve.csproj", "{BE6B7E3D-F318-4FED-8A41-88DFEC031CC9}"
EndProject
Project("{FAE04EC0-301F-11D3-BF4B-00C04F79EFBC}") = "DI_T6_E1", "DI_T6_E1\DI_T6_E1.csproj", "{F83EEF14-D073-4952-A52F-695EB6FA921A}"
EndProject
Project("{FAE04EC0-301F-11D3-BF4B-00C04F79EFBC}") = "SERV_T3_E3_Serve", "SERV_T3_E3_Serve\SERV_T3_E3_Serve.csproj", "{BC867F60-0638-422F-892C-70B1BCEB5AA7}"
EndProject
Project("{FAE04EC0-301F-11D3-BF4B-00C04F79EFBC}") = "SERV_T3_E4_Serve", "SERV_T3_E4_Serve\SERV_T3_E4_Serve.csproj", "{D8242F42-8C2F-4FF1-8618-4FC01CDD263B}"
EndProject
Project("{FAE04EC0-301F-11D3-BF4B-00C04F79EFBC}") = "SERV_T3_E4_Client", "SERV_T3_E4_Client\SERV_T3_E4_Client.csproj", "{167B9DBD-8406-4B4E-8417-6EAF9176DB59}"
EndProject
Project("{FAE04EC0-301F-11D3-BF4B-00C04F79EFBC}") = "DI_T6_E4", "DI_T6_E4\DI_T6_E4.csproj", "{EDB8445E-CAAC-4204-9B54-11900A392F11}"
EndProject
Project("{FAE04EC0-301F-11D3-BF4B-00C04F79EFBC}") = "DI_T6_E5", "DI_T6_E5\DI_T6_E5.csproj", "{8652C183-0584-4F7D-997E-17BD88C1161E}"
EndProject
Global
	GlobalSection(SolutionConfigurationPlatforms) = preSolution
		Debug|Any CPU = Debug|Any CPU
		Release|Any CPU = Release|Any CPU
	EndGlobalSection
	GlobalSection(ProjectConfigurationPlatforms) = postSolution
		{9E2DD5B4-89E6-4C4F-A5FA-CA67C119C61D}.Debug|Any CPU.ActiveCfg = Debug|Any CPU
		{9E2DD5B4-89E6-4C4F-A5FA-CA67C119C61D}.Debug|Any CPU.Build.0 = Debug|Any CPU
		{9E2DD5B4-89E6-4C4F-A5FA-CA67C119C61D}.Release|Any CPU.ActiveCfg = Release|Any CPU
		{9E2DD5B4-89E6-4C4F-A5FA-CA67C119C61D}.Release|Any CPU.Build.0 = Release|Any CPU
		{5603BE30-E352-4261-8662-E641C44ADBED}.Debug|Any CPU.ActiveCfg = Debug|Any CPU
		{5603BE30-E352-4261-8662-E641C44ADBED}.Debug|Any CPU.Build.0 = Debug|Any CPU
		{5603BE30-E352-4261-8662-E641C44ADBED}.Release|Any CPU.ActiveCfg = Release|Any CPU
		{5603BE30-E352-4261-8662-E641C44ADBED}.Release|Any CPU.Build.0 = Release|Any CPU
		{A43AA9A8-9F1F-4964-BABE-BE1F81B18BAB}.Debug|Any CPU.ActiveCfg = Debug|Any CPU
		{A43AA9A8-9F1F-4964-BABE-BE1F81B18BAB}.Debug|Any CPU.Build.0 = Debug|Any CPU
		{A43AA9A8-9F1F-4964-BABE-BE1F81B18BAB}.Release|Any CPU.ActiveCfg = Release|Any CPU
		{A43AA9A8-9F1F-4964-BABE-BE1F81B18BAB}.Release|Any CPU.Build.0 = Release|Any CPU
		{0FEA167C-AE79-4A90-8A3F-DD9BA734C680}.Debug|Any CPU.ActiveCfg = Debug|Any CPU
		{0FEA167C-AE79-4A90-8A3F-DD9BA734C680}.Debug|Any CPU.Build.0 = Debug|Any CPU
		{0FEA167C-AE79-4A90-8A3F-DD9BA734C680}.Release|Any CPU.ActiveCfg = Release|Any CPU
		{0FEA167C-AE79-4A90-8A3F-DD9BA734C680}.Release|Any CPU.Build.0 = Release|Any CPU
		{3D2024BE-51EA-4F90-928C-4B72D6836603}.Debug|Any CPU.ActiveCfg = Debug|Any CPU
		{3D2024BE-51EA-4F90-928C-4B72D6836603}.Debug|Any CPU.Build.0 = Debug|Any CPU
		{3D2024BE-51EA-4F90-928C-4B72D6836603}.Release|Any CPU.ActiveCfg = Release|Any CPU
		{3D2024BE-51EA-4F90-928C-4B72D6836603}.Release|Any CPU.Build.0 = Release|Any CPU
		{F3DE5CAC-F32E-4C7D-ABE0-8587B616D2F6}.Debug|Any CPU.ActiveCfg = Debug|Any CPU
		{F3DE5CAC-F32E-4C7D-ABE0-8587B616D2F6}.Debug|Any CPU.Build.0 = Debug|Any CPU
		{F3DE5CAC-F32E-4C7D-ABE0-8587B616D2F6}.Release|Any CPU.ActiveCfg = Release|Any CPU
		{F3DE5CAC-F32E-4C7D-ABE0-8587B616D2F6}.Release|Any CPU.Build.0 = Release|Any CPU
		{BE6B7E3D-F318-4FED-8A41-88DFEC031CC9}.Debug|Any CPU.ActiveCfg = Debug|Any CPU
		{BE6B7E3D-F318-4FED-8A41-88DFEC031CC9}.Debug|Any CPU.Build.0 = Debug|Any CPU
		{BE6B7E3D-F318-4FED-8A41-88DFEC031CC9}.Release|Any CPU.ActiveCfg = Release|Any CPU
		{BE6B7E3D-F318-4FED-8A41-88DFEC031CC9}.Release|Any CPU.Build.0 = Release|Any CPU
		{F83EEF14-D073-4952-A52F-695EB6FA921A}.Debug|Any CPU.ActiveCfg = Debug|Any CPU
		{F83EEF14-D073-4952-A52F-695EB6FA921A}.Debug|Any CPU.Build.0 = Debug|Any CPU
		{F83EEF14-D073-4952-A52F-695EB6FA921A}.Release|Any CPU.ActiveCfg = Release|Any CPU
		{F83EEF14-D073-4952-A52F-695EB6FA921A}.Release|Any CPU.Build.0 = Release|Any CPU
		{BC867F60-0638-422F-892C-70B1BCEB5AA7}.Debug|Any CPU.ActiveCfg = Debug|Any CPU
		{BC867F60-0638-422F-892C-70B1BCEB5AA7}.Debug|Any CPU.Build.0 = Debug|Any CPU
		{BC867F60-0638-422F-892C-70B1BCEB5AA7}.Release|Any CPU.ActiveCfg = Release|Any CPU
		{BC867F60-0638-422F-892C-70B1BCEB5AA7}.Release|Any CPU.Build.0 = Release|Any CPU
		{D8242F42-8C2F-4FF1-8618-4FC01CDD263B}.Debug|Any CPU.ActiveCfg = Debug|Any CPU
		{D8242F42-8C2F-4FF1-8618-4FC01CDD263B}.Debug|Any CPU.Build.0 = Debug|Any CPU
		{D8242F42-8C2F-4FF1-8618-4FC01CDD263B}.Release|Any CPU.ActiveCfg = Release|Any CPU
		{D8242F42-8C2F-4FF1-8618-4FC01CDD263B}.Release|Any CPU.Build.0 = Release|Any CPU
		{167B9DBD-8406-4B4E-8417-6EAF9176DB59}.Debug|Any CPU.ActiveCfg = Debug|Any CPU
		{167B9DBD-8406-4B4E-8417-6EAF9176DB59}.Debug|Any CPU.Build.0 = Debug|Any CPU
		{167B9DBD-8406-4B4E-8417-6EAF9176DB59}.Release|Any CPU.ActiveCfg = Release|Any CPU
		{167B9DBD-8406-4B4E-8417-6EAF9176DB59}.Release|Any CPU.Build.0 = Release|Any CPU
		{EDB8445E-CAAC-4204-9B54-11900A392F11}.Debug|Any CPU.ActiveCfg = Debug|Any CPU
		{EDB8445E-CAAC-4204-9B54-11900A392F11}.Debug|Any CPU.Build.0 = Debug|Any CPU
		{EDB8445E-CAAC-4204-9B54-11900A392F11}.Release|Any CPU.ActiveCfg = Release|Any CPU
		{EDB8445E-CAAC-4204-9B54-11900A392F11}.Release|Any CPU.Build.0 = Release|Any CPU
		{8652C183-0584-4F7D-997E-17BD88C1161E}.Debug|Any CPU.ActiveCfg = Debug|Any CPU
		{8652C183-0584-4F7D-997E-17BD88C1161E}.Debug|Any CPU.Build.0 = Debug|Any CPU
		{8652C183-0584-4F7D-997E-17BD88C1161E}.Release|Any CPU.ActiveCfg = Release|Any CPU
		{8652C183-0584-4F7D-997E-17BD88C1161E}.Release|Any CPU.Build.0 = Release|Any CPU
	EndGlobalSection
	GlobalSection(SolutionProperties) = preSolution
		HideSolutionNode = FALSE
	EndGlobalSection
	GlobalSection(ExtensibilityGlobals) = postSolution
		SolutionGuid = {3B5DC805-1066-4067-9746-EF58B6F6F964}
	EndGlobalSection
EndGlobal
