
Microsoft Visual Studio Solution File, Format Version 12.00
# Visual Studio Version 16
VisualStudioVersion = 16.0.29123.88
MinimumVisualStudioVersion = 10.0.40219.1
Project("{FAE04EC0-301F-11D3-BF4B-00C04F79EFBC}") = "Tema3_Ejercicio3", "Tema3_Ejercicio3\Tema3_Ejercicio3.csproj", "{87132DDA-3751-4D6D-8B8F-6053106B7DAE}"
EndProject
Global
	GlobalSection(SolutionConfigurationPlatforms) = preSolution
		Debug|Any CPU = Debug|Any CPU
		Release|Any CPU = Release|Any CPU
	EndGlobalSection
	GlobalSection(ProjectConfigurationPlatforms) = postSolution
		{87132DDA-3751-4D6D-8B8F-6053106B7DAE}.Debug|Any CPU.ActiveCfg = Debug|Any CPU
		{87132DDA-3751-4D6D-8B8F-6053106B7DAE}.Debug|Any CPU.Build.0 = Debug|Any CPU
		{87132DDA-3751-4D6D-8B8F-6053106B7DAE}.Release|Any CPU.ActiveCfg = Release|Any CPU
		{87132DDA-3751-4D6D-8B8F-6053106B7DAE}.Release|Any CPU.Build.0 = Release|Any CPU
	EndGlobalSection
	GlobalSection(SolutionProperties) = preSolution
		HideSolutionNode = FALSE
	EndGlobalSection
	GlobalSection(ExtensibilityGlobals) = postSolution
		SolutionGuid = {585EC66E-1C01-4BE6-87F5-B5A9EE8857AD}
	EndGlobalSection
EndGlobal
